
Microsoft Visual Studio Solution File, Format Version 12.00
# Visual Studio 14
VisualStudioVersion = 14.0.25420.1
MinimumVisualStudioVersion = 10.0.40219.1
Project("{FAE04EC0-301F-11D3-BF4B-00C04F79EFBC}") = "Medialink.Lib", "Medialink.Lib\Medialink.Lib.csproj", "{37A2DD28-111C-48DB-B9A6-CD1C1EBF82FA}"
EndProject
Project("{FAE04EC0-301F-11D3-BF4B-00C04F79EFBC}") = "Medialink.Api", "Medialink.Api\Medialink.Api.csproj", "{A192B926-F074-432F-B490-98725F03FA3D}"
EndProject
Project("{FAE04EC0-301F-11D3-BF4B-00C04F79EFBC}") = "Medialink.Api.Tests", "Medialink.Api.Tests\Medialink.Api.Tests.csproj", "{8D0DC7BD-5BD3-462E-BDBB-A65E9AC11905}"
EndProject
Project("{FAE04EC0-301F-11D3-BF4B-00C04F79EFBC}") = "Medialink.Lib.Tests", "Medialink.Lib.Tests\Medialink.Lib.Tests.csproj", "{271AB625-81DA-45E9-BBB9-76E39A718CD3}"
EndProject
Global
	GlobalSection(SolutionConfigurationPlatforms) = preSolution
		Debug|Any CPU = Debug|Any CPU
		Release|Any CPU = Release|Any CPU
	EndGlobalSection
	GlobalSection(ProjectConfigurationPlatforms) = postSolution
		{37A2DD28-111C-48DB-B9A6-CD1C1EBF82FA}.Debug|Any CPU.ActiveCfg = Debug|Any CPU
		{37A2DD28-111C-48DB-B9A6-CD1C1EBF82FA}.Debug|Any CPU.Build.0 = Debug|Any CPU
		{37A2DD28-111C-48DB-B9A6-CD1C1EBF82FA}.Release|Any CPU.ActiveCfg = Release|Any CPU
		{37A2DD28-111C-48DB-B9A6-CD1C1EBF82FA}.Release|Any CPU.Build.0 = Release|Any CPU
		{A192B926-F074-432F-B490-98725F03FA3D}.Debug|Any CPU.ActiveCfg = Debug|Any CPU
		{A192B926-F074-432F-B490-98725F03FA3D}.Debug|Any CPU.Build.0 = Debug|Any CPU
		{A192B926-F074-432F-B490-98725F03FA3D}.Release|Any CPU.ActiveCfg = Release|Any CPU
		{A192B926-F074-432F-B490-98725F03FA3D}.Release|Any CPU.Build.0 = Release|Any CPU
		{8D0DC7BD-5BD3-462E-BDBB-A65E9AC11905}.Debug|Any CPU.ActiveCfg = Debug|Any CPU
		{8D0DC7BD-5BD3-462E-BDBB-A65E9AC11905}.Debug|Any CPU.Build.0 = Debug|Any CPU
		{8D0DC7BD-5BD3-462E-BDBB-A65E9AC11905}.Release|Any CPU.ActiveCfg = Release|Any CPU
		{8D0DC7BD-5BD3-462E-BDBB-A65E9AC11905}.Release|Any CPU.Build.0 = Release|Any CPU
		{271AB625-81DA-45E9-BBB9-76E39A718CD3}.Debug|Any CPU.ActiveCfg = Debug|Any CPU
		{271AB625-81DA-45E9-BBB9-76E39A718CD3}.Debug|Any CPU.Build.0 = Debug|Any CPU
		{271AB625-81DA-45E9-BBB9-76E39A718CD3}.Release|Any CPU.ActiveCfg = Release|Any CPU
		{271AB625-81DA-45E9-BBB9-76E39A718CD3}.Release|Any CPU.Build.0 = Release|Any CPU
	EndGlobalSection
	GlobalSection(SolutionProperties) = preSolution
		HideSolutionNode = FALSE
	EndGlobalSection
EndGlobal
